
Microsoft Visual Studio Solution File, Format Version 12.00
# Visual Studio Version 17
VisualStudioVersion = 17.0.31612.314
MinimumVisualStudioVersion = 10.0.40219.1
Project("{9A19103F-16F7-4668-BE54-9A1E7A4F7556}") = "HaveIBeenPwned.Client", "src\HaveIBeenPwned.Client\HaveIBeenPwned.Client.csproj", "{5D06D0CF-9A20-4B7F-A1CA-9D05D85CC3D5}"
EndProject
Project("{2150E333-8FDC-42A3-9474-1A3956D46DE8}") = "Solution Items", "Solution Items", "{2BFDB771-C03D-4BC1-8FDC-FD3E4E466965}"
	ProjectSection(SolutionItems) = preProject
		.editorconfig = .editorconfig
		.gitignore = .gitignore
		.github\workflows\build-validation.yml = .github\workflows\build-validation.yml
		.github\workflows\codeql-analysis.yml = .github\workflows\codeql-analysis.yml
		LICENSE = LICENSE
		.github\workflows\pr-validation.yml = .github\workflows\pr-validation.yml
		.github\workflows\publish-nuget.yml = .github\workflows\publish-nuget.yml
		README.md = README.md
	EndProjectSection
EndProject
Project("{2150E333-8FDC-42A3-9474-1A3956D46DE8}") = "src", "src", "{033A7DA8-9E54-4C45-9674-1FA069A1D587}"
EndProject
Project("{2150E333-8FDC-42A3-9474-1A3956D46DE8}") = "tests", "tests", "{6B93FD23-7EC5-4866-82BC-5C091FA6589B}"
EndProject
Project("{9A19103F-16F7-4668-BE54-9A1E7A4F7556}") = "HaveIBeenPwned.ClientTests", "tests\HaveIBeenPwned.ClientTests\HaveIBeenPwned.ClientTests.csproj", "{07F2B8D6-CEE9-4A2D-8CC8-61D53C7BBBE8}"
EndProject
Project("{2150E333-8FDC-42A3-9474-1A3956D46DE8}") = "samples", "samples", "{3044EDD9-13CF-47A3-8589-A7B84AEFE0C1}"
EndProject
Project("{9A19103F-16F7-4668-BE54-9A1E7A4F7556}") = "HaveIBeenPwned.WebApi", "samples\HaveIBeenPwned.WebApi\HaveIBeenPwned.WebApi.csproj", "{D9FEEEE8-1621-46C0-AE64-6E1BF9DF4C8A}"
EndProject
Project("{9A19103F-16F7-4668-BE54-9A1E7A4F7556}") = "HaveIBeenPwned.MinimalApi", "samples\HaveIBeenPwned.MinimalApi\HaveIBeenPwned.MinimalApi.csproj", "{1CA5C0A6-14DC-4665-8B3F-9245CC485CB6}"
EndProject
Project("{FAE04EC0-301F-11D3-BF4B-00C04F79EFBC}") = "HaveIBeenPwned.Client.Abstractions", "src\HaveIBeenPwned.Client.Abstractions\HaveIBeenPwned.Client.Abstractions.csproj", "{9C452881-7278-455B-A47F-105FA05DEACE}"
EndProject
Global
	GlobalSection(SolutionConfigurationPlatforms) = preSolution
		Debug|Any CPU = Debug|Any CPU
		Release|Any CPU = Release|Any CPU
	EndGlobalSection
	GlobalSection(ProjectConfigurationPlatforms) = postSolution
		{5D06D0CF-9A20-4B7F-A1CA-9D05D85CC3D5}.Debug|Any CPU.ActiveCfg = Debug|Any CPU
		{5D06D0CF-9A20-4B7F-A1CA-9D05D85CC3D5}.Debug|Any CPU.Build.0 = Debug|Any CPU
		{5D06D0CF-9A20-4B7F-A1CA-9D05D85CC3D5}.Release|Any CPU.ActiveCfg = Release|Any CPU
		{5D06D0CF-9A20-4B7F-A1CA-9D05D85CC3D5}.Release|Any CPU.Build.0 = Release|Any CPU
		{07F2B8D6-CEE9-4A2D-8CC8-61D53C7BBBE8}.Debug|Any CPU.ActiveCfg = Debug|Any CPU
		{07F2B8D6-CEE9-4A2D-8CC8-61D53C7BBBE8}.Debug|Any CPU.Build.0 = Debug|Any CPU
		{07F2B8D6-CEE9-4A2D-8CC8-61D53C7BBBE8}.Release|Any CPU.ActiveCfg = Release|Any CPU
		{07F2B8D6-CEE9-4A2D-8CC8-61D53C7BBBE8}.Release|Any CPU.Build.0 = Release|Any CPU
		{D9FEEEE8-1621-46C0-AE64-6E1BF9DF4C8A}.Debug|Any CPU.ActiveCfg = Debug|Any CPU
		{D9FEEEE8-1621-46C0-AE64-6E1BF9DF4C8A}.Debug|Any CPU.Build.0 = Debug|Any CPU
		{D9FEEEE8-1621-46C0-AE64-6E1BF9DF4C8A}.Release|Any CPU.ActiveCfg = Release|Any CPU
		{D9FEEEE8-1621-46C0-AE64-6E1BF9DF4C8A}.Release|Any CPU.Build.0 = Release|Any CPU
		{1CA5C0A6-14DC-4665-8B3F-9245CC485CB6}.Debug|Any CPU.ActiveCfg = Debug|Any CPU
		{1CA5C0A6-14DC-4665-8B3F-9245CC485CB6}.Debug|Any CPU.Build.0 = Debug|Any CPU
		{1CA5C0A6-14DC-4665-8B3F-9245CC485CB6}.Release|Any CPU.ActiveCfg = Release|Any CPU
		{1CA5C0A6-14DC-4665-8B3F-9245CC485CB6}.Release|Any CPU.Build.0 = Release|Any CPU
		{9C452881-7278-455B-A47F-105FA05DEACE}.Debug|Any CPU.ActiveCfg = Debug|Any CPU
		{9C452881-7278-455B-A47F-105FA05DEACE}.Debug|Any CPU.Build.0 = Debug|Any CPU
		{9C452881-7278-455B-A47F-105FA05DEACE}.Release|Any CPU.ActiveCfg = Release|Any CPU
		{9C452881-7278-455B-A47F-105FA05DEACE}.Release|Any CPU.Build.0 = Release|Any CPU
	EndGlobalSection
	GlobalSection(SolutionProperties) = preSolution
		HideSolutionNode = FALSE
	EndGlobalSection
	GlobalSection(NestedProjects) = preSolution
		{5D06D0CF-9A20-4B7F-A1CA-9D05D85CC3D5} = {033A7DA8-9E54-4C45-9674-1FA069A1D587}
		{07F2B8D6-CEE9-4A2D-8CC8-61D53C7BBBE8} = {6B93FD23-7EC5-4866-82BC-5C091FA6589B}
		{D9FEEEE8-1621-46C0-AE64-6E1BF9DF4C8A} = {3044EDD9-13CF-47A3-8589-A7B84AEFE0C1}
		{1CA5C0A6-14DC-4665-8B3F-9245CC485CB6} = {3044EDD9-13CF-47A3-8589-A7B84AEFE0C1}
		{9C452881-7278-455B-A47F-105FA05DEACE} = {033A7DA8-9E54-4C45-9674-1FA069A1D587}
	EndGlobalSection
	GlobalSection(ExtensibilityGlobals) = postSolution
		SolutionGuid = {C6B82103-25E2-4AE9-AAD0-50B61A815882}
	EndGlobalSection
EndGlobal
